// !$*UTF8*$!
{
	archiveVersion = 1;
	classes = {
	};
	objectVersion = 48;
	objects = {

/* Begin PBXBuildFile section */
		B587174020098FAF00F2260D /* AppDelegate.swift in Sources */ = {isa = PBXBuildFile; fileRef = B587173F20098FAF00F2260D /* AppDelegate.swift */; };
		B587174220098FAF00F2260D /* ViewController.swift in Sources */ = {isa = PBXBuildFile; fileRef = B587174120098FAF00F2260D /* ViewController.swift */; };
		B587174520098FAF00F2260D /* Main.storyboard in Resources */ = {isa = PBXBuildFile; fileRef = B587174320098FAF00F2260D /* Main.storyboard */; };
		B587174720098FAF00F2260D /* Assets.xcassets in Resources */ = {isa = PBXBuildFile; fileRef = B587174620098FAF00F2260D /* Assets.xcassets */; };
		B587174A20098FAF00F2260D /* LaunchScreen.storyboard in Resources */ = {isa = PBXBuildFile; fileRef = B587174820098FAF00F2260D /* LaunchScreen.storyboard */; };
		B5C3466F2009930E00A0F203 /* CPFCPNJMask.swift in Sources */ = {isa = PBXBuildFile; fileRef = B5C3466E2009930E00A0F203 /* CPFCPNJMask.swift */; };
/* End PBXBuildFile section */

/* Begin PBXFileReference section */
		B587173C20098FAF00F2260D /* CPF_CNPJ-Mask.app */ = {isa = PBXFileReference; explicitFileType = wrapper.application; includeInIndex = 0; path = "CPF_CNPJ-Mask.app"; sourceTree = BUILT_PRODUCTS_DIR; };
		B587173F20098FAF00F2260D /* AppDelegate.swift */ = {isa = PBXFileReference; lastKnownFileType = sourcecode.swift; path = AppDelegate.swift; sourceTree = "<group>"; };
		B587174120098FAF00F2260D /* ViewController.swift */ = {isa = PBXFileReference; lastKnownFileType = sourcecode.swift; path = ViewController.swift; sourceTree = "<group>"; };
		B587174420098FAF00F2260D /* Base */ = {isa = PBXFileReference; lastKnownFileType = file.storyboard; name = Base; path = Base.lproj/Main.storyboard; sourceTree = "<group>"; };
		B587174620098FAF00F2260D /* Assets.xcassets */ = {isa = PBXFileReference; lastKnownFileType = folder.assetcatalog; path = Assets.xcassets; sourceTree = "<group>"; };
		B587174920098FAF00F2260D /* Base */ = {isa = PBXFileReference; lastKnownFileType = file.storyboard; name = Base; path = Base.lproj/LaunchScreen.storyboard; sourceTree = "<group>"; };
		B587174B20098FAF00F2260D /* Info.plist */ = {isa = PBXFileReference; lastKnownFileType = text.plist.xml; path = Info.plist; sourceTree = "<group>"; };
		B5C3466E2009930E00A0F203 /* CPFCPNJMask.swift */ = {isa = PBXFileReference; lastKnownFileType = sourcecode.swift; path = CPFCPNJMask.swift; sourceTree = "<group>"; };
/* End PBXFileReference section */

/* Begin PBXFrameworksBuildPhase section */
		B587173920098FAF00F2260D /* Frameworks */ = {
			isa = PBXFrameworksBuildPhase;
			buildActionMask = 2147483647;
			files = (
			);
			runOnlyForDeploymentPostprocessing = 0;
		};
/* End PBXFrameworksBuildPhase section */

/* Begin PBXGroup section */
		B587173320098FAF00F2260D = {
			isa = PBXGroup;
			children = (
				B587173E20098FAF00F2260D /* CPF_CNPJ-Mask */,
				B587173D20098FAF00F2260D /* Products */,
			);
			sourceTree = "<group>";
		};
		B587173D20098FAF00F2260D /* Products */ = {
			isa = PBXGroup;
			children = (
				B587173C20098FAF00F2260D /* CPF_CNPJ-Mask.app */,
			);
			name = Products;
			sourceTree = "<group>";
		};
		B587173E20098FAF00F2260D /* CPF_CNPJ-Mask */ = {
			isa = PBXGroup;
			children = (
				B587173F20098FAF00F2260D /* AppDelegate.swift */,
				B5C3466E2009930E00A0F203 /* CPFCPNJMask.swift */,
				B587174120098FAF00F2260D /* ViewController.swift */,
				B587174320098FAF00F2260D /* Main.storyboard */,
				B587174620098FAF00F2260D /* Assets.xcassets */,
				B587174820098FAF00F2260D /* LaunchScreen.storyboard */,
				B587174B20098FAF00F2260D /* Info.plist */,
			);
			path = "CPF_CNPJ-Mask";
			sourceTree = "<group>";
		};
/* End PBXGroup section */

/* Begin PBXNativeTarget section */
		B587173B20098FAF00F2260D /* CPF_CNPJ-Mask */ = {
			isa = PBXNativeTarget;
			buildConfigurationList = B587174E20098FAF00F2260D /* Build configuration list for PBXNativeTarget "CPF_CNPJ-Mask" */;
			buildPhases = (
				B587173820098FAF00F2260D /* Sources */,
				B587173920098FAF00F2260D /* Frameworks */,
				B587173A20098FAF00F2260D /* Resources */,
			);
			buildRules = (
			);
			dependencies = (
			);
			name = "CPF_CNPJ-Mask";
			productName = "CPF_CNPJ-Mask";
			productReference = B587173C20098FAF00F2260D /* CPF_CNPJ-Mask.app */;
			productType = "com.apple.product-type.application";
		};
/* End PBXNativeTarget section */

/* Begin PBXProject section */
		B587173420098FAF00F2260D /* Project object */ = {
			isa = PBXProject;
			attributes = {
				LastSwiftUpdateCheck = 0900;
				LastUpgradeCheck = 0900;
				ORGANIZATIONNAME = "Augusto Falcão";
				TargetAttributes = {
					B587173B20098FAF00F2260D = {
						CreatedOnToolsVersion = 9.0;
						ProvisioningStyle = Automatic;
					};
				};
			};
			buildConfigurationList = B587173720098FAF00F2260D /* Build configuration list for PBXProject "CPF_CNPJ-Mask" */;
			compatibilityVersion = "Xcode 8.0";
			developmentRegion = en;
			hasScannedForEncodings = 0;
			knownRegions = (
				en,
				Base,
			);
			mainGroup = B587173320098FAF00F2260D;
			productRefGroup = B587173D20098FAF00F2260D /* Products */;
			projectDirPath = "";
			projectRoot = "";
			targets = (
				B587173B20098FAF00F2260D /* CPF_CNPJ-Mask */,
			);
		};
/* End PBXProject section */

/* Begin PBXResourcesBuildPhase section */
		B587173A20098FAF00F2260D /* Resources */ = {
			isa = PBXResourcesBuildPhase;
			buildActionMask = 2147483647;
			files = (
				B587174A20098FAF00F2260D /* LaunchScreen.storyboard in Resources */,
				B587174720098FAF00F2260D /* Assets.xcassets in Resources */,
				B587174520098FAF00F2260D /* Main.storyboard in Resources */,
			);
			runOnlyForDeploymentPostprocessing = 0;
		};
/* End PBXResourcesBuildPhase section */

/* Begin PBXSourcesBuildPhase section */
		B587173820098FAF00F2260D /* Sources */ = {
			isa = PBXSourcesBuildPhase;
			buildActionMask = 2147483647;
			files = (
				B5C3466F2009930E00A0F203 /* CPFCPNJMask.swift in Sources */,
				B587174220098FAF00F2260D /* ViewController.swift in Sources */,
				B587174020098FAF00F2260D /* AppDelegate.swift in Sources */,
			);
			runOnlyForDeploymentPostprocessing = 0;
		};
/* End PBXSourcesBuildPhase section */

/* Begin PBXVariantGroup section */
		B587174320098FAF00F2260D /* Main.storyboard */ = {
			isa = PBXVariantGroup;
			children = (
				B587174420098FAF00F2260D /* Base */,
			);
			name = Main.storyboard;
			sourceTree = "<group>";
		};
		B587174820098FAF00F2260D /* LaunchScreen.storyboard */ = {
			isa = PBXVariantGroup;
			children = (
				B587174920098FAF00F2260D /* Base */,
			);
			name = LaunchScreen.storyboard;
			sourceTree = "<group>";
		};
/* End PBXVariantGroup section */

/* Begin XCBuildConfiguration section */
		B587174C20098FAF00F2260D /* Debug */ = {
			isa = XCBuildConfiguration;
			buildSettings = {
				ALWAYS_SEARCH_USER_PATHS = NO;
				CLANG_ANALYZER_NONNULL = YES;
				CLANG_ANALYZER_NUMBER_OBJECT_CONVERSION = YES_AGGRESSIVE;
				CLANG_CXX_LANGUAGE_STANDARD = "gnu++14";
				CLANG_CXX_LIBRARY = "libc++";
				CLANG_ENABLE_MODULES = YES;
				CLANG_ENABLE_OBJC_ARC = YES;
				CLANG_WARN_BLOCK_CAPTURE_AUTORELEASING = YES;
				CLANG_WARN_BOOL_CONVERSION = YES;
				CLANG_WARN_COMMA = YES;
				CLANG_WARN_CONSTANT_CONVERSION = YES;
				CLANG_WARN_DIRECT_OBJC_ISA_USAGE = YES_ERROR;
				CLANG_WARN_DOCUMENTATION_COMMENTS = YES;
				CLANG_WARN_EMPTY_BODY = YES;
				CLANG_WARN_ENUM_CONVERSION = YES;
				CLANG_WARN_INFINITE_RECURSION = YES;
				CLANG_WARN_INT_CONVERSION = YES;
				CLANG_WARN_NON_LITERAL_NULL_CONVERSION = YES;
				CLANG_WARN_OBJC_LITERAL_CONVERSION = YES;
				CLANG_WARN_OBJC_ROOT_CLASS = YES_ERROR;
				CLANG_WARN_RANGE_LOOP_ANALYSIS = YES;
				CLANG_WARN_STRICT_PROTOTYPES = YES;
				CLANG_WARN_SUSPICIOUS_MOVE = YES;
				CLANG_WARN_UNGUARDED_AVAILABILITY = YES_AGGRESSIVE;
				CLANG_WARN_UNREACHABLE_CODE = YES;
				CLANG_WARN__DUPLICATE_METHOD_MATCH = YES;
				CODE_SIGN_IDENTITY = "iPhone Developer";
				COPY_PHASE_STRIP = NO;
				DEBUG_INFORMATION_FORMAT = dwarf;
				ENABLE_STRICT_OBJC_MSGSEND = YES;
				ENABLE_TESTABILITY = YES;
				GCC_C_LANGUAGE_STANDARD = gnu11;
				GCC_DYNAMIC_NO_PIC = NO;
				GCC_NO_COMMON_BLOCKS = YES;
				GCC_OPTIMIZATION_LEVEL = 0;
				GCC_PREPROCESSOR_DEFINITIONS = (
					"DEBUG=1",
					"$(inherited)",
				);
				GCC_WARN_64_TO_32_BIT_CONVERSION = YES;
				GCC_WARN_ABOUT_RETURN_TYPE = YES_ERROR;
				GCC_WARN_UNDECLARED_SELECTOR = YES;
				GCC_WARN_UNINITIALIZED_AUTOS = YES_AGGRESSIVE;
				GCC_WARN_UNUSED_FUNCTION = YES;
				GCC_WARN_UNUSED_VARIABLE = YES;
				IPHONEOS_DEPLOYMENT_TARGET = 11.0;
				MTL_ENABLE_DEBUG_INFO = YES;
				ONLY_ACTIVE_ARCH = YES;
				SDKROOT = iphoneos;
				SWIFT_ACTIVE_COMPILATION_CONDITIONS = DEBUG;
				SWIFT_OPTIMIZATION_LEVEL = "-Onone";
			};
			name = Debug;
		};
		B587174D20098FAF00F2260D /* Release */ = {
			isa = XCBuildConfiguration;
			buildSettings = {
				ALWAYS_SEARCH_USER_PATHS = NO;
				CLANG_ANALYZER_NONNULL = YES;
				CLANG_ANALYZER_NUMBER_OBJECT_CONVERSION = YES_AGGRESSIVE;
				CLANG_CXX_LANGUAGE_STANDARD = "gnu++14";
				CLANG_CXX_LIBRARY = "libc++";
				CLANG_ENABLE_MODULES = YES;
				CLANG_ENABLE_OBJC_ARC = YES;
				CLANG_WARN_BLOCK_CAPTURE_AUTORELEASING = YES;
				CLANG_WARN_BOOL_CONVERSION = YES;
				CLANG_WARN_COMMA = YES;
				CLANG_WARN_CONSTANT_CONVERSION = YES;
				CLANG_WARN_DIRECT_OBJC_ISA_USAGE = YES_ERROR;
				CLANG_WARN_DOCUMENTATION_COMMENTS = YES;
				CLANG_WARN_EMPTY_BODY = YES;
				CLANG_WARN_ENUM_CONVERSION = YES;
				CLANG_WARN_INFINITE_RECURSION = YES;
				CLANG_WARN_INT_CONVERSION = YES;
				CLANG_WARN_NON_LITERAL_NULL_CONVERSION = YES;
				CLANG_WARN_OBJC_LITERAL_CONVERSION = YES;
				CLANG_WARN_OBJC_ROOT_CLASS = YES_ERROR;
				CLANG_WARN_RANGE_LOOP_ANALYSIS = YES;
				CLANG_WARN_STRICT_PROTOTYPES = YES;
				CLANG_WARN_SUSPICIOUS_MOVE = YES;
				CLANG_WARN_UNGUARDED_AVAILABILITY = YES_AGGRESSIVE;
				CLANG_WARN_UNREACHABLE_CODE = YES;
				CLANG_WARN__DUPLICATE_METHOD_MATCH = YES;
				CODE_SIGN_IDENTITY = "iPhone Developer";
				COPY_PHASE_STRIP = NO;
				DEBUG_INFORMATION_FORMAT = "dwarf-with-dsym";
				ENABLE_NS_ASSERTIONS = NO;
				ENABLE_STRICT_OBJC_MSGSEND = YES;
				GCC_C_LANGUAGE_STANDARD = gnu11;
				GCC_NO_COMMON_BLOCKS = YES;
				GCC_WARN_64_TO_32_BIT_CONVERSION = YES;
				GCC_WARN_ABOUT_RETURN_TYPE = YES_ERROR;
				GCC_WARN_UNDECLARED_SELECTOR = YES;
				GCC_WARN_UNINITIALIZED_AUTOS = YES_AGGRESSIVE;
				GCC_WARN_UNUSED_FUNCTION = YES;
				GCC_WARN_UNUSED_VARIABLE = YES;
				IPHONEOS_DEPLOYMENT_TARGET = 11.0;
				MTL_ENABLE_DEBUG_INFO = NO;
				SDKROOT = iphoneos;
				SWIFT_OPTIMIZATION_LEVEL = "-Owholemodule";
				VALIDATE_PRODUCT = YES;
			};
			name = Release;
		};
		B587174F20098FAF00F2260D /* Debug */ = {
			isa = XCBuildConfiguration;
			buildSettings = {
				ASSETCATALOG_COMPILER_APPICON_NAME = AppIcon;
				CODE_SIGN_STYLE = Automatic;
				INFOPLIST_FILE = "CPF_CNPJ-Mask/Info.plist";
				LD_RUNPATH_SEARCH_PATHS = "$(inherited) @executable_path/Frameworks";
				PRODUCT_BUNDLE_IDENTIFIER = "com.falcaoaugustos.CPF-CNPJ-Mask";
				PRODUCT_NAME = "$(TARGET_NAME)";
				SWIFT_VERSION = 4.0;
				TARGETED_DEVICE_FAMILY = "1,2";
			};
			name = Debug;
		};
		B587175020098FAF00F2260D /* Release */ = {
			isa = XCBuildConfiguration;
			buildSettings = {
				ASSETCATALOG_COMPILER_APPICON_NAME = AppIcon;
				CODE_SIGN_STYLE = Automatic;
				INFOPLIST_FILE = "CPF_CNPJ-Mask/Info.plist";
				LD_RUNPATH_SEARCH_PATHS = "$(inherited) @executable_path/Frameworks";
				PRODUCT_BUNDLE_IDENTIFIER = "com.falcaoaugustos.CPF-CNPJ-Mask";
				PRODUCT_NAME = "$(TARGET_NAME)";
				SWIFT_VERSION = 4.0;
				TARGETED_DEVICE_FAMILY = "1,2";
			};
			name = Release;
		};
/* End XCBuildConfiguration section */

/* Begin XCConfigurationList section */
		B587173720098FAF00F2260D /* Build configuration list for PBXProject "CPF_CNPJ-Mask" */ = {
			isa = XCConfigurationList;
			buildConfigurations = (
				B587174C20098FAF00F2260D /* Debug */,
				B587174D20098FAF00F2260D /* Release */,
			);
			defaultConfigurationIsVisible = 0;
			defaultConfigurationName = Release;
		};
		B587174E20098FAF00F2260D /* Build configuration list for PBXNativeTarget "CPF_CNPJ-Mask" */ = {
			isa = XCConfigurationList;
			buildConfigurations = (
				B587174F20098FAF00F2260D /* Debug */,
				B587175020098FAF00F2260D /* Release */,
			);
			defaultConfigurationIsVisible = 0;
			defaultConfigurationName = Release;
		};
/* End XCConfigurationList section */
	};
	rootObject = B587173420098FAF00F2260D /* Project object */;
}
